
Microsoft Visual Studio Solution File, Format Version 12.00
# Visual Studio Version 16
VisualStudioVersion = 16.0.30621.155
MinimumVisualStudioVersion = 10.0.40219.1
Project("{FAE04EC0-301F-11D3-BF4B-00C04F79EFBC}") = "Lab5", "Lab5\Lab5.csproj", "{4ABB4D59-0328-4714-8B0C-4D381BDF73D0}"
EndProject
Global
	GlobalSection(SolutionConfigurationPlatforms) = preSolution
		Debug|Any CPU = Debug|Any CPU
		Release|Any CPU = Release|Any CPU
	EndGlobalSection
	GlobalSection(ProjectConfigurationPlatforms) = postSolution
		{4ABB4D59-0328-4714-8B0C-4D381BDF73D0}.Debug|Any CPU.ActiveCfg = Debug|Any CPU
		{4ABB4D59-0328-4714-8B0C-4D381BDF73D0}.Debug|Any CPU.Build.0 = Debug|Any CPU
		{4ABB4D59-0328-4714-8B0C-4D381BDF73D0}.Release|Any CPU.ActiveCfg = Release|Any CPU
		{4ABB4D59-0328-4714-8B0C-4D381BDF73D0}.Release|Any CPU.Build.0 = Release|Any CPU
	EndGlobalSection
	GlobalSection(SolutionProperties) = preSolution
		HideSolutionNode = FALSE
	EndGlobalSection
	GlobalSection(ExtensibilityGlobals) = postSolution
		SolutionGuid = {5A6067F1-AC53-4E8E-9AB1-8826E5EAA9DC}
	EndGlobalSection
EndGlobal
